// !$*UTF8*$!
{
	archiveVersion = 1;
	classes = {
	};
	objectVersion = 77;
	objects = {

/* Begin PBXBuildFile section */
		AC03C71F2E0B1D9F0044A607 /* SwiftSoup in Frameworks */ = {isa = PBXBuildFile; productRef = AC03C71E2E0B1D9F0044A607 /* SwiftSoup */; };
		AC4A18BC2EC111C40024E542 /* CachedAsyncImage in Frameworks */ = {isa = PBXBuildFile; productRef = AC4A18BB2EC111C40024E542 /* CachedAsyncImage */; };
		ACDF4B062DD5097300DE3332 /* FirebaseFirestoreCombine-Community in Frameworks */ = {isa = PBXBuildFile; productRef = ACDF4B052DD5097300DE3332 /* FirebaseFirestoreCombine-Community */; };
/* End PBXBuildFile section */

/* Begin PBXFileReference section */
		ACD377732DCE48F0003874AA /* GameSearch.app */ = {isa = PBXFileReference; explicitFileType = wrapper.application; includeInIndex = 0; path = GameSearch.app; sourceTree = BUILT_PRODUCTS_DIR; };
/* End PBXFileReference section */

/* Begin PBXFileSystemSynchronizedBuildFileExceptionSet section */
		AC47D3372E231E8E002247B7 /* Exceptions for "GameSearch" folder in "GameSearch" target */ = {
			isa = PBXFileSystemSynchronizedBuildFileExceptionSet;
			membershipExceptions = (
				Info.plist,
			);
			target = ACD377722DCE48F0003874AA /* GameSearch */;
		};
/* End PBXFileSystemSynchronizedBuildFileExceptionSet section */

/* Begin PBXFileSystemSynchronizedRootGroup section */
		ACD377752DCE48F0003874AA /* GameSearch */ = {
			isa = PBXFileSystemSynchronizedRootGroup;
			exceptions = (
				AC47D3372E231E8E002247B7 /* Exceptions for "GameSearch" folder in "GameSearch" target */,
			);
			path = GameSearch;
			sourceTree = "<group>";
		};
/* End PBXFileSystemSynchronizedRootGroup section */

/* Begin PBXFrameworksBuildPhase section */
		ACD377702DCE48F0003874AA /* Frameworks */ = {
			isa = PBXFrameworksBuildPhase;
			buildActionMask = 2147483647;
			files = (
				AC4A18BC2EC111C40024E542 /* CachedAsyncImage in Frameworks */,
				ACDF4B062DD5097300DE3332 /* FirebaseFirestoreCombine-Community in Frameworks */,
				AC03C71F2E0B1D9F0044A607 /* SwiftSoup in Frameworks */,
			);
			runOnlyForDeploymentPostprocessing = 0;
		};
/* End PBXFrameworksBuildPhase section */

/* Begin PBXGroup section */
		ACD3776A2DCE48F0003874AA = {
			isa = PBXGroup;
			children = (
				ACD377752DCE48F0003874AA /* GameSearch */,
				ACD377742DCE48F0003874AA /* Products */,
			);
			sourceTree = "<group>";
		};
		ACD377742DCE48F0003874AA /* Products */ = {
			isa = PBXGroup;
			children = (
				ACD377732DCE48F0003874AA /* GameSearch.app */,
			);
			name = Products;
			sourceTree = "<group>";
		};
/* End PBXGroup section */

/* Begin PBXNativeTarget section */
		ACD377722DCE48F0003874AA /* GameSearch */ = {
			isa = PBXNativeTarget;
			buildConfigurationList = ACD3777E2DCE48F2003874AA /* Build configuration list for PBXNativeTarget "GameSearch" */;
			buildPhases = (
				ACD3776F2DCE48F0003874AA /* Sources */,
				ACD377702DCE48F0003874AA /* Frameworks */,
				ACD377712DCE48F0003874AA /* Resources */,
			);
			buildRules = (
			);
			dependencies = (
			);
			fileSystemSynchronizedGroups = (
				ACD377752DCE48F0003874AA /* GameSearch */,
			);
			name = GameSearch;
			packageProductDependencies = (
				ACDF4B052DD5097300DE3332 /* FirebaseFirestoreCombine-Community */,
				AC03C71E2E0B1D9F0044A607 /* SwiftSoup */,
				AC4A18BB2EC111C40024E542 /* CachedAsyncImage */,
			);
			productName = GameSearch;
			productReference = ACD377732DCE48F0003874AA /* GameSearch.app */;
			productType = "com.apple.product-type.application";
		};
/* End PBXNativeTarget section */

/* Begin PBXProject section */
		ACD3776B2DCE48F0003874AA /* Project object */ = {
			isa = PBXProject;
			attributes = {
				BuildIndependentTargetsInParallel = 1;
				LastSwiftUpdateCheck = 1630;
				LastUpgradeCheck = 1630;
				TargetAttributes = {
					ACD377722DCE48F0003874AA = {
						CreatedOnToolsVersion = 16.3;
					};
				};
			};
			buildConfigurationList = ACD3776E2DCE48F0003874AA /* Build configuration list for PBXProject "GameSearch" */;
			developmentRegion = ru;
			hasScannedForEncodings = 0;
			knownRegions = (
				ru,
			);
			mainGroup = ACD3776A2DCE48F0003874AA;
			minimizedProjectReferenceProxies = 1;
			packageReferences = (
				ACDF4B042DD5097300DE3332 /* XCRemoteSwiftPackageReference "firebase-ios-sdk" */,
				AC03C71D2E0B1D9F0044A607 /* XCRemoteSwiftPackageReference "SwiftSoup" */,
				AC4A18BA2EC111C40024E542 /* XCRemoteSwiftPackageReference "swiftui-cached-async-image" */,
			);
			preferredProjectObjectVersion = 77;
			productRefGroup = ACD377742DCE48F0003874AA /* Products */;
			projectDirPath = "";
			projectRoot = "";
			targets = (
				ACD377722DCE48F0003874AA /* GameSearch */,
			);
		};
/* End PBXProject section */

/* Begin PBXResourcesBuildPhase section */
		ACD377712DCE48F0003874AA /* Resources */ = {
			isa = PBXResourcesBuildPhase;
			buildActionMask = 2147483647;
			files = (
			);
			runOnlyForDeploymentPostprocessing = 0;
		};
/* End PBXResourcesBuildPhase section */

/* Begin PBXSourcesBuildPhase section */
		ACD3776F2DCE48F0003874AA /* Sources */ = {
			isa = PBXSourcesBuildPhase;
			buildActionMask = 2147483647;
			files = (
			);
			runOnlyForDeploymentPostprocessing = 0;
		};
/* End PBXSourcesBuildPhase section */

/* Begin XCBuildConfiguration section */
		ACD3777C2DCE48F2003874AA /* Debug */ = {
			isa = XCBuildConfiguration;
			buildSettings = {
				ALWAYS_SEARCH_USER_PATHS = NO;
				ASSETCATALOG_COMPILER_GENERATE_SWIFT_ASSET_SYMBOL_EXTENSIONS = YES;
				CLANG_ANALYZER_NONNULL = YES;
				CLANG_ANALYZER_NUMBER_OBJECT_CONVERSION = YES_AGGRESSIVE;
				CLANG_CXX_LANGUAGE_STANDARD = "gnu++20";
				CLANG_ENABLE_MODULES = YES;
				CLANG_ENABLE_OBJC_ARC = YES;
				CLANG_ENABLE_OBJC_WEAK = YES;
				CLANG_WARN_BLOCK_CAPTURE_AUTORELEASING = YES;
				CLANG_WARN_BOOL_CONVERSION = YES;
				CLANG_WARN_COMMA = YES;
				CLANG_WARN_CONSTANT_CONVERSION = YES;
				CLANG_WARN_DEPRECATED_OBJC_IMPLEMENTATIONS = YES;
				CLANG_WARN_DIRECT_OBJC_ISA_USAGE = YES_ERROR;
				CLANG_WARN_DOCUMENTATION_COMMENTS = YES;
				CLANG_WARN_EMPTY_BODY = YES;
				CLANG_WARN_ENUM_CONVERSION = YES;
				CLANG_WARN_INFINITE_RECURSION = YES;
				CLANG_WARN_INT_CONVERSION = YES;
				CLANG_WARN_NON_LITERAL_NULL_CONVERSION = YES;
				CLANG_WARN_OBJC_IMPLICIT_RETAIN_SELF = YES;
				CLANG_WARN_OBJC_LITERAL_CONVERSION = YES;
				CLANG_WARN_OBJC_ROOT_CLASS = YES_ERROR;
				CLANG_WARN_QUOTED_INCLUDE_IN_FRAMEWORK_HEADER = YES;
				CLANG_WARN_RANGE_LOOP_ANALYSIS = YES;
				CLANG_WARN_STRICT_PROTOTYPES = YES;
				CLANG_WARN_SUSPICIOUS_MOVE = YES;
				CLANG_WARN_UNGUARDED_AVAILABILITY = YES_AGGRESSIVE;
				CLANG_WARN_UNREACHABLE_CODE = YES;
				CLANG_WARN__DUPLICATE_METHOD_MATCH = YES;
				COPY_PHASE_STRIP = NO;
				DEBUG_INFORMATION_FORMAT = dwarf;
				DEVELOPMENT_TEAM = 89WB9E7UEU;
				ENABLE_STRICT_OBJC_MSGSEND = YES;
				ENABLE_TESTABILITY = YES;
				ENABLE_USER_SCRIPT_SANDBOXING = YES;
				GCC_C_LANGUAGE_STANDARD = gnu17;
				GCC_DYNAMIC_NO_PIC = NO;
				GCC_NO_COMMON_BLOCKS = YES;
				GCC_OPTIMIZATION_LEVEL = 0;
				GCC_PREPROCESSOR_DEFINITIONS = (
					"DEBUG=1",
					"$(inherited)",
				);
				GCC_WARN_64_TO_32_BIT_CONVERSION = YES;
				GCC_WARN_ABOUT_RETURN_TYPE = YES_ERROR;
				GCC_WARN_UNDECLARED_SELECTOR = YES;
				GCC_WARN_UNINITIALIZED_AUTOS = YES_AGGRESSIVE;
				GCC_WARN_UNUSED_FUNCTION = YES;
				GCC_WARN_UNUSED_VARIABLE = YES;
				IPHONEOS_DEPLOYMENT_TARGET = 18.4;
				LOCALIZATION_PREFERS_STRING_CATALOGS = YES;
				MTL_ENABLE_DEBUG_INFO = INCLUDE_SOURCE;
				MTL_FAST_MATH = YES;
				ONLY_ACTIVE_ARCH = YES;
				SDKROOT = iphoneos;
				SWIFT_ACTIVE_COMPILATION_CONDITIONS = "DEBUG $(inherited)";
				SWIFT_EMIT_LOC_STRINGS = YES;
				SWIFT_OPTIMIZATION_LEVEL = "-Onone";
			};
			name = Debug;
		};
		ACD3777D2DCE48F2003874AA /* Release */ = {
			isa = XCBuildConfiguration;
			buildSettings = {
				ALWAYS_SEARCH_USER_PATHS = NO;
				ASSETCATALOG_COMPILER_GENERATE_SWIFT_ASSET_SYMBOL_EXTENSIONS = YES;
				CLANG_ANALYZER_NONNULL = YES;
				CLANG_ANALYZER_NUMBER_OBJECT_CONVERSION = YES_AGGRESSIVE;
				CLANG_CXX_LANGUAGE_STANDARD = "gnu++20";
				CLANG_ENABLE_MODULES = YES;
				CLANG_ENABLE_OBJC_ARC = YES;
				CLANG_ENABLE_OBJC_WEAK = YES;
				CLANG_WARN_BLOCK_CAPTURE_AUTORELEASING = YES;
				CLANG_WARN_BOOL_CONVERSION = YES;
				CLANG_WARN_COMMA = YES;
				CLANG_WARN_CONSTANT_CONVERSION = YES;
				CLANG_WARN_DEPRECATED_OBJC_IMPLEMENTATIONS = YES;
				CLANG_WARN_DIRECT_OBJC_ISA_USAGE = YES_ERROR;
				CLANG_WARN_DOCUMENTATION_COMMENTS = YES;
				CLANG_WARN_EMPTY_BODY = YES;
				CLANG_WARN_ENUM_CONVERSION = YES;
				CLANG_WARN_INFINITE_RECURSION = YES;
				CLANG_WARN_INT_CONVERSION = YES;
				CLANG_WARN_NON_LITERAL_NULL_CONVERSION = YES;
				CLANG_WARN_OBJC_IMPLICIT_RETAIN_SELF = YES;
				CLANG_WARN_OBJC_LITERAL_CONVERSION = YES;
				CLANG_WARN_OBJC_ROOT_CLASS = YES_ERROR;
				CLANG_WARN_QUOTED_INCLUDE_IN_FRAMEWORK_HEADER = YES;
				CLANG_WARN_RANGE_LOOP_ANALYSIS = YES;
				CLANG_WARN_STRICT_PROTOTYPES = YES;
				CLANG_WARN_SUSPICIOUS_MOVE = YES;
				CLANG_WARN_UNGUARDED_AVAILABILITY = YES_AGGRESSIVE;
				CLANG_WARN_UNREACHABLE_CODE = YES;
				CLANG_WARN__DUPLICATE_METHOD_MATCH = YES;
				COPY_PHASE_STRIP = NO;
				DEBUG_INFORMATION_FORMAT = "dwarf-with-dsym";
				DEVELOPMENT_TEAM = 89WB9E7UEU;
				ENABLE_NS_ASSERTIONS = NO;
				ENABLE_STRICT_OBJC_MSGSEND = YES;
				ENABLE_USER_SCRIPT_SANDBOXING = YES;
				GCC_C_LANGUAGE_STANDARD = gnu17;
				GCC_NO_COMMON_BLOCKS = YES;
				GCC_WARN_64_TO_32_BIT_CONVERSION = YES;
				GCC_WARN_ABOUT_RETURN_TYPE = YES_ERROR;
				GCC_WARN_UNDECLARED_SELECTOR = YES;
				GCC_WARN_UNINITIALIZED_AUTOS = YES_AGGRESSIVE;
				GCC_WARN_UNUSED_FUNCTION = YES;
				GCC_WARN_UNUSED_VARIABLE = YES;
				IPHONEOS_DEPLOYMENT_TARGET = 18.4;
				LOCALIZATION_PREFERS_STRING_CATALOGS = YES;
				MTL_ENABLE_DEBUG_INFO = NO;
				MTL_FAST_MATH = YES;
				SDKROOT = iphoneos;
				SWIFT_COMPILATION_MODE = wholemodule;
				SWIFT_EMIT_LOC_STRINGS = YES;
				VALIDATE_PRODUCT = YES;
			};
			name = Release;
		};
		ACD3777F2DCE48F2003874AA /* Debug */ = {
			isa = XCBuildConfiguration;
			buildSettings = {
				ASSETCATALOG_COMPILER_APPICON_NAME = "Stylish Icon";
				ASSETCATALOG_COMPILER_GLOBAL_ACCENT_COLOR_NAME = AccentColor;
				CODE_SIGN_ENTITLEMENTS = GameSearch/GameSearch.entitlements;
				CODE_SIGN_IDENTITY = "Apple Development";
				CODE_SIGN_STYLE = Automatic;
				CURRENT_PROJECT_VERSION = 1;
				DEVELOPMENT_TEAM = 89WB9E7UEU;
				ENABLE_PREVIEWS = YES;
				GENERATE_INFOPLIST_FILE = YES;
				INFOPLIST_FILE = GameSearch/Info.plist;
				INFOPLIST_KEY_CFBundleDisplayName = coob;
				INFOPLIST_KEY_NSLocationAlwaysAndWhenInUseUsageDescription = "Мы используем вашу геолокацию для нахождения ближайших к вам клубов и акций";
				INFOPLIST_KEY_NSLocationWhenInUseUsageDescription = "Мы используем вашу геолокацию для нахождения ближайших к вам клубов и акций";
				INFOPLIST_KEY_UIApplicationSceneManifest_Generation = YES;
				INFOPLIST_KEY_UIApplicationSupportsIndirectInputEvents = YES;
				INFOPLIST_KEY_UILaunchScreen_Generation = YES;
				INFOPLIST_KEY_UISupportedInterfaceOrientations = UIInterfaceOrientationPortrait;
				INFOPLIST_KEY_UISupportedInterfaceOrientations_iPad = "UIInterfaceOrientationLandscapeLeft UIInterfaceOrientationLandscapeRight UIInterfaceOrientationPortrait UIInterfaceOrientationPortraitUpsideDown";
				IPHONEOS_DEPLOYMENT_TARGET = 18.0;
				LD_RUNPATH_SEARCH_PATHS = (
					"$(inherited)",
					"@executable_path/Frameworks",
				);
				MARKETING_VERSION = 2.1.1;
				PRODUCT_BUNDLE_IDENTIFIER = com.bitsoev.gamesearchea;
				PRODUCT_NAME = "$(TARGET_NAME)";
				PROVISIONING_PROFILE_SPECIFIER = "";
				SUPPORTED_PLATFORMS = "iphoneos iphonesimulator";
				SUPPORTS_MACCATALYST = NO;
				SUPPORTS_MAC_DESIGNED_FOR_IPHONE_IPAD = NO;
				SUPPORTS_XR_DESIGNED_FOR_IPHONE_IPAD = NO;
				SWIFT_EMIT_LOC_STRINGS = YES;
				SWIFT_VERSION = 5.0;
				TARGETED_DEVICE_FAMILY = 1;
			};
			name = Debug;
		};
		ACD377802DCE48F2003874AA /* Release */ = {
			isa = XCBuildConfiguration;
			buildSettings = {
				ASSETCATALOG_COMPILER_APPICON_NAME = "Stylish Icon";
				ASSETCATALOG_COMPILER_GLOBAL_ACCENT_COLOR_NAME = AccentColor;
				CODE_SIGN_ENTITLEMENTS = GameSearch/GameSearch.entitlements;
				CODE_SIGN_IDENTITY = "Apple Development";
				CODE_SIGN_STYLE = Automatic;
				CURRENT_PROJECT_VERSION = 1;
				DEVELOPMENT_TEAM = 89WB9E7UEU;
				ENABLE_PREVIEWS = YES;
				GENERATE_INFOPLIST_FILE = YES;
				INFOPLIST_FILE = GameSearch/Info.plist;
				INFOPLIST_KEY_CFBundleDisplayName = coob;
				INFOPLIST_KEY_NSLocationAlwaysAndWhenInUseUsageDescription = "Мы используем вашу геолокацию для нахождения ближайших к вам клубов и акций";
				INFOPLIST_KEY_NSLocationWhenInUseUsageDescription = "Мы используем вашу геолокацию для нахождения ближайших к вам клубов и акций";
				INFOPLIST_KEY_UIApplicationSceneManifest_Generation = YES;
				INFOPLIST_KEY_UIApplicationSupportsIndirectInputEvents = YES;
				INFOPLIST_KEY_UILaunchScreen_Generation = YES;
				INFOPLIST_KEY_UISupportedInterfaceOrientations = UIInterfaceOrientationPortrait;
				INFOPLIST_KEY_UISupportedInterfaceOrientations_iPad = "UIInterfaceOrientationLandscapeLeft UIInterfaceOrientationLandscapeRight UIInterfaceOrientationPortrait UIInterfaceOrientationPortraitUpsideDown";
				IPHONEOS_DEPLOYMENT_TARGET = 18.0;
				LD_RUNPATH_SEARCH_PATHS = (
					"$(inherited)",
					"@executable_path/Frameworks",
				);
				MARKETING_VERSION = 2.1.1;
				PRODUCT_BUNDLE_IDENTIFIER = com.bitsoev.gamesearchea;
				PRODUCT_NAME = "$(TARGET_NAME)";
				PROVISIONING_PROFILE_SPECIFIER = "";
				SUPPORTED_PLATFORMS = "iphoneos iphonesimulator";
				SUPPORTS_MACCATALYST = NO;
				SUPPORTS_MAC_DESIGNED_FOR_IPHONE_IPAD = NO;
				SUPPORTS_XR_DESIGNED_FOR_IPHONE_IPAD = NO;
				SWIFT_EMIT_LOC_STRINGS = YES;
				SWIFT_VERSION = 5.0;
				TARGETED_DEVICE_FAMILY = 1;
			};
			name = Release;
		};
/* End XCBuildConfiguration section */

/* Begin XCConfigurationList section */
		ACD3776E2DCE48F0003874AA /* Build configuration list for PBXProject "GameSearch" */ = {
			isa = XCConfigurationList;
			buildConfigurations = (
				ACD3777C2DCE48F2003874AA /* Debug */,
				ACD3777D2DCE48F2003874AA /* Release */,
			);
			defaultConfigurationIsVisible = 0;
			defaultConfigurationName = Release;
		};
		ACD3777E2DCE48F2003874AA /* Build configuration list for PBXNativeTarget "GameSearch" */ = {
			isa = XCConfigurationList;
			buildConfigurations = (
				ACD3777F2DCE48F2003874AA /* Debug */,
				ACD377802DCE48F2003874AA /* Release */,
			);
			defaultConfigurationIsVisible = 0;
			defaultConfigurationName = Release;
		};
/* End XCConfigurationList section */

/* Begin XCRemoteSwiftPackageReference section */
		AC03C71D2E0B1D9F0044A607 /* XCRemoteSwiftPackageReference "SwiftSoup" */ = {
			isa = XCRemoteSwiftPackageReference;
			repositoryURL = "https://github.com/scinfu/SwiftSoup.git";
			requirement = {
				kind = upToNextMajorVersion;
				minimumVersion = 2.8.8;
			};
		};
		AC4A18BA2EC111C40024E542 /* XCRemoteSwiftPackageReference "swiftui-cached-async-image" */ = {
			isa = XCRemoteSwiftPackageReference;
			repositoryURL = "https://github.com/lorenzofiamingo/swiftui-cached-async-image.git";
			requirement = {
				kind = upToNextMajorVersion;
				minimumVersion = 2.1.1;
			};
		};
		ACDF4B042DD5097300DE3332 /* XCRemoteSwiftPackageReference "firebase-ios-sdk" */ = {
			isa = XCRemoteSwiftPackageReference;
			repositoryURL = "https://github.com/firebase/firebase-ios-sdk";
			requirement = {
				kind = upToNextMajorVersion;
				minimumVersion = 11.12.0;
			};
		};
/* End XCRemoteSwiftPackageReference section */

/* Begin XCSwiftPackageProductDependency section */
		AC03C71E2E0B1D9F0044A607 /* SwiftSoup */ = {
			isa = XCSwiftPackageProductDependency;
			package = AC03C71D2E0B1D9F0044A607 /* XCRemoteSwiftPackageReference "SwiftSoup" */;
			productName = SwiftSoup;
		};
		AC4A18BB2EC111C40024E542 /* CachedAsyncImage */ = {
			isa = XCSwiftPackageProductDependency;
			package = AC4A18BA2EC111C40024E542 /* XCRemoteSwiftPackageReference "swiftui-cached-async-image" */;
			productName = CachedAsyncImage;
		};
		ACDF4B052DD5097300DE3332 /* FirebaseFirestoreCombine-Community */ = {
			isa = XCSwiftPackageProductDependency;
			package = ACDF4B042DD5097300DE3332 /* XCRemoteSwiftPackageReference "firebase-ios-sdk" */;
			productName = "FirebaseFirestoreCombine-Community";
		};
/* End XCSwiftPackageProductDependency section */
	};
	rootObject = ACD3776B2DCE48F0003874AA /* Project object */;
}
